
Microsoft Visual Studio Solution File, Format Version 12.00
# Visual Studio Version 17
VisualStudioVersion = 17.1.32319.34
MinimumVisualStudioVersion = 10.0.40219.1
Project("{FAE04EC0-301F-11D3-BF4B-00C04F79EFBC}") = "11 228 BuildButtonFactory", "11 228 BuildButtonFactory.csproj", "{1CAE9BCC-2B3F-4EC1-BE92-B294B8D033EE}"
EndProject
Global
	GlobalSection(SolutionConfigurationPlatforms) = preSolution
		Debug|Any CPU = Debug|Any CPU
		Release|Any CPU = Release|Any CPU
	EndGlobalSection
	GlobalSection(ProjectConfigurationPlatforms) = postSolution
		{1CAE9BCC-2B3F-4EC1-BE92-B294B8D033EE}.Debug|Any CPU.ActiveCfg = Debug|Any CPU
		{1CAE9BCC-2B3F-4EC1-BE92-B294B8D033EE}.Debug|Any CPU.Build.0 = Debug|Any CPU
		{1CAE9BCC-2B3F-4EC1-BE92-B294B8D033EE}.Release|Any CPU.ActiveCfg = Release|Any CPU
		{1CAE9BCC-2B3F-4EC1-BE92-B294B8D033EE}.Release|Any CPU.Build.0 = Release|Any CPU
	EndGlobalSection
	GlobalSection(SolutionProperties) = preSolution
		HideSolutionNode = FALSE
	EndGlobalSection
	GlobalSection(ExtensibilityGlobals) = postSolution
		SolutionGuid = {6B9210AF-56DC-431D-B492-059ABD3191EA}
	EndGlobalSection
EndGlobal
