
Microsoft Visual Studio Solution File, Format Version 12.00
# Visual Studio Version 17
VisualStudioVersion = 17.1.32319.34
MinimumVisualStudioVersion = 10.0.40219.1
Project("{FAE04EC0-301F-11D3-BF4B-00C04F79EFBC}") = "ConsoleApp7", "ConsoleApp7\ConsoleApp7.csproj", "{3E5DCB7F-922D-4357-933E-D2944AABDF2B}"
EndProject
Global
	GlobalSection(SolutionConfigurationPlatforms) = preSolution
		Debug|Any CPU = Debug|Any CPU
		Release|Any CPU = Release|Any CPU
	EndGlobalSection
	GlobalSection(ProjectConfigurationPlatforms) = postSolution
		{3E5DCB7F-922D-4357-933E-D2944AABDF2B}.Debug|Any CPU.ActiveCfg = Debug|Any CPU
		{3E5DCB7F-922D-4357-933E-D2944AABDF2B}.Debug|Any CPU.Build.0 = Debug|Any CPU
		{3E5DCB7F-922D-4357-933E-D2944AABDF2B}.Release|Any CPU.ActiveCfg = Release|Any CPU
		{3E5DCB7F-922D-4357-933E-D2944AABDF2B}.Release|Any CPU.Build.0 = Release|Any CPU
	EndGlobalSection
	GlobalSection(SolutionProperties) = preSolution
		HideSolutionNode = FALSE
	EndGlobalSection
	GlobalSection(ExtensibilityGlobals) = postSolution
		SolutionGuid = {28949E26-202A-42B5-AB97-4A353E377201}
	EndGlobalSection
EndGlobal
