
Microsoft Visual Studio Solution File, Format Version 12.00
# Visual Studio Version 16
VisualStudioVersion = 16.0.32428.217
MinimumVisualStudioVersion = 10.0.40219.1
Project("{FAE04EC0-301F-11D3-BF4B-00C04F79EFBC}") = "Danila 13-271 ListColorValues", "Danila 13-271 ListColorValues\Danila 13-271 ListColorValues.csproj", "{A93F82EA-A266-4C9C-8D7D-E26181AD86F6}"
EndProject
Global
	GlobalSection(SolutionConfigurationPlatforms) = preSolution
		Debug|Any CPU = Debug|Any CPU
		Release|Any CPU = Release|Any CPU
	EndGlobalSection
	GlobalSection(ProjectConfigurationPlatforms) = postSolution
		{A93F82EA-A266-4C9C-8D7D-E26181AD86F6}.Debug|Any CPU.ActiveCfg = Debug|Any CPU
		{A93F82EA-A266-4C9C-8D7D-E26181AD86F6}.Debug|Any CPU.Build.0 = Debug|Any CPU
		{A93F82EA-A266-4C9C-8D7D-E26181AD86F6}.Release|Any CPU.ActiveCfg = Release|Any CPU
		{A93F82EA-A266-4C9C-8D7D-E26181AD86F6}.Release|Any CPU.Build.0 = Release|Any CPU
	EndGlobalSection
	GlobalSection(SolutionProperties) = preSolution
		HideSolutionNode = FALSE
	EndGlobalSection
	GlobalSection(ExtensibilityGlobals) = postSolution
		SolutionGuid = {F4D9F455-FE8F-4FCF-98C3-626602A21FF7}
	EndGlobalSection
EndGlobal
