
Microsoft Visual Studio Solution File, Format Version 12.00
# Visual Studio Version 16
VisualStudioVersion = 16.0.30503.244
MinimumVisualStudioVersion = 10.0.40219.1
Project("{FAE04EC0-301F-11D3-BF4B-00C04F79EFBC}") = "03 066 FormatTheText", "03 066 FormatTheText\03 066 FormatTheText.csproj", "{BFDBCE6F-FF52-4E0E-B008-B42CBA87550A}"
EndProject
Global
	GlobalSection(SolutionConfigurationPlatforms) = preSolution
		Debug|Any CPU = Debug|Any CPU
		Release|Any CPU = Release|Any CPU
	EndGlobalSection
	GlobalSection(ProjectConfigurationPlatforms) = postSolution
		{BFDBCE6F-FF52-4E0E-B008-B42CBA87550A}.Debug|Any CPU.ActiveCfg = Debug|Any CPU
		{BFDBCE6F-FF52-4E0E-B008-B42CBA87550A}.Debug|Any CPU.Build.0 = Debug|Any CPU
		{BFDBCE6F-FF52-4E0E-B008-B42CBA87550A}.Release|Any CPU.ActiveCfg = Release|Any CPU
		{BFDBCE6F-FF52-4E0E-B008-B42CBA87550A}.Release|Any CPU.Build.0 = Release|Any CPU
	EndGlobalSection
	GlobalSection(SolutionProperties) = preSolution
		HideSolutionNode = FALSE
	EndGlobalSection
	GlobalSection(ExtensibilityGlobals) = postSolution
		SolutionGuid = {0B54AECB-7977-462B-AE64-9061351FA3F2}
	EndGlobalSection
EndGlobal
