
Microsoft Visual Studio Solution File, Format Version 12.00
# Visual Studio Version 16
VisualStudioVersion = 16.0.30503.244
MinimumVisualStudioVersion = 10.0.40219.1
Project("{FAE04EC0-301F-11D3-BF4B-00C04F79EFBC}") = "06 117 MeetTheDockers", "06 117 MeetTheDockers\06 117 MeetTheDockers.csproj", "{C3276A15-72D7-4180-9C1C-CF989FE859C0}"
EndProject
Global
	GlobalSection(SolutionConfigurationPlatforms) = preSolution
		Debug|Any CPU = Debug|Any CPU
		Release|Any CPU = Release|Any CPU
	EndGlobalSection
	GlobalSection(ProjectConfigurationPlatforms) = postSolution
		{C3276A15-72D7-4180-9C1C-CF989FE859C0}.Debug|Any CPU.ActiveCfg = Debug|Any CPU
		{C3276A15-72D7-4180-9C1C-CF989FE859C0}.Debug|Any CPU.Build.0 = Debug|Any CPU
		{C3276A15-72D7-4180-9C1C-CF989FE859C0}.Release|Any CPU.ActiveCfg = Release|Any CPU
		{C3276A15-72D7-4180-9C1C-CF989FE859C0}.Release|Any CPU.Build.0 = Release|Any CPU
	EndGlobalSection
	GlobalSection(SolutionProperties) = preSolution
		HideSolutionNode = FALSE
	EndGlobalSection
	GlobalSection(ExtensibilityGlobals) = postSolution
		SolutionGuid = {1F2CACC4-60EB-40AC-B250-B88E3224CD5C}
	EndGlobalSection
EndGlobal
