
Microsoft Visual Studio Solution File, Format Version 12.00
# Visual Studio Version 16
VisualStudioVersion = 16.0.32428.217
MinimumVisualStudioVersion = 10.0.40219.1
Project("{FAE04EC0-301F-11D3-BF4B-00C04F79EFBC}") = "Danila 10-200", "Dabnila 10-200 ver 2\Danila 10-200.csproj", "{564FA555-88C1-43C0-8C63-A01439F21A5F}"
EndProject
Global
	GlobalSection(SolutionConfigurationPlatforms) = preSolution
		Debug|Any CPU = Debug|Any CPU
		Release|Any CPU = Release|Any CPU
	EndGlobalSection
	GlobalSection(ProjectConfigurationPlatforms) = postSolution
		{564FA555-88C1-43C0-8C63-A01439F21A5F}.Debug|Any CPU.ActiveCfg = Debug|Any CPU
		{564FA555-88C1-43C0-8C63-A01439F21A5F}.Debug|Any CPU.Build.0 = Debug|Any CPU
		{564FA555-88C1-43C0-8C63-A01439F21A5F}.Release|Any CPU.ActiveCfg = Release|Any CPU
		{564FA555-88C1-43C0-8C63-A01439F21A5F}.Release|Any CPU.Build.0 = Release|Any CPU
	EndGlobalSection
	GlobalSection(SolutionProperties) = preSolution
		HideSolutionNode = FALSE
	EndGlobalSection
	GlobalSection(ExtensibilityGlobals) = postSolution
		SolutionGuid = {EBC87D71-793B-4B91-95D6-018B3C233271}
	EndGlobalSection
EndGlobal
