
Microsoft Visual Studio Solution File, Format Version 12.00
# Visual Studio Version 17
VisualStudioVersion = 17.1.32319.34
MinimumVisualStudioVersion = 10.0.40219.1
Project("{FAE04EC0-301F-11D3-BF4B-00C04F79EFBC}") = "02 042 GradiateTheBrush", "02 042 GradiateTheBrush.csproj", "{B23A4911-8B46-448C-86A2-142BEE389095}"
EndProject
Global
	GlobalSection(SolutionConfigurationPlatforms) = preSolution
		Debug|Any CPU = Debug|Any CPU
		Release|Any CPU = Release|Any CPU
	EndGlobalSection
	GlobalSection(ProjectConfigurationPlatforms) = postSolution
		{B23A4911-8B46-448C-86A2-142BEE389095}.Debug|Any CPU.ActiveCfg = Debug|Any CPU
		{B23A4911-8B46-448C-86A2-142BEE389095}.Debug|Any CPU.Build.0 = Debug|Any CPU
		{B23A4911-8B46-448C-86A2-142BEE389095}.Release|Any CPU.ActiveCfg = Release|Any CPU
		{B23A4911-8B46-448C-86A2-142BEE389095}.Release|Any CPU.Build.0 = Release|Any CPU
	EndGlobalSection
	GlobalSection(SolutionProperties) = preSolution
		HideSolutionNode = FALSE
	EndGlobalSection
	GlobalSection(ExtensibilityGlobals) = postSolution
		SolutionGuid = {BDD71ACE-20A6-49CC-BB9D-71C12F6484FF}
	EndGlobalSection
EndGlobal
