
Microsoft Visual Studio Solution File, Format Version 12.00
# Visual Studio Version 16
VisualStudioVersion = 16.0.30503.244
MinimumVisualStudioVersion = 10.0.40219.1
Project("{FAE04EC0-301F-11D3-BF4B-00C04F79EFBC}") = "00 014 SayHello", "00 014 SayHello\00 014 SayHello.csproj", "{793284FA-333A-4836-8096-314E5F91385F}"
EndProject
Project("{FAE04EC0-301F-11D3-BF4B-00C04F79EFBC}") = "02 052 RotateTheGradientOrigin", "02 052 RotateTheGradientOrigin\02 052 RotateTheGradientOrigin.csproj", "{DA0B9C59-62C5-4C41-9587-4FB8A127B70D}"
EndProject
Project("{FAE04EC0-301F-11D3-BF4B-00C04F79EFBC}") = "01 022 ThrowWinPatry", "01 022 ThrowWinPatry\01 022 ThrowWinPatry.csproj", "{AB6D60C4-0078-40CC-BFC7-EC2157130B7F}"
EndProject
Project("{FAE04EC0-301F-11D3-BF4B-00C04F79EFBC}") = "03 071 RenderTheGraphic", "03 071 RenderTheGraphic\03 071 RenderTheGraphic.csproj", "{BD019FB5-D774-463C-8EA9-BFD737640347}"
EndProject
Project("{FAE04EC0-301F-11D3-BF4B-00C04F79EFBC}") = "01 029 GrowAndShrink", "GrowAndShrink\01 029 GrowAndShrink.csproj", "{375E5782-5756-41ED-B62D-C6364E5BAEAA}"
EndProject
Project("{FAE04EC0-301F-11D3-BF4B-00C04F79EFBC}") = "02 047 FollowTheRainbow", "02 047 FollowTheRainbow\02 047 FollowTheRainbow.csproj", "{4FE8AB37-FFA1-4C7B-B474-F68A3506ED39}"
EndProject
Project("{FAE04EC0-301F-11D3-BF4B-00C04F79EFBC}") = "03 058 RecordKeystrokes", "03 058 RecordKeystrokes\03 058 RecordKeystrokes.csproj", "{F218CE31-4762-4CE3-9510-E19F37658B0B}"
EndProject
Project("{FAE04EC0-301F-11D3-BF4B-00C04F79EFBC}") = "03 068 ToggleBoldAndItalic", "03 068 ToggleBoldAndItalic\03 068 ToggleBoldAndItalic.csproj", "{14E662F2-3087-4F4B-BAE0-FE873FFFEB4C}"
EndProject
Project("{FAE04EC0-301F-11D3-BF4B-00C04F79EFBC}") = "04 092 EditSomeText", "04 092 EditSomeText\04 092 EditSomeText.csproj", "{1D12AFCA-26AB-49BC-A978-2A7A7439A4EE}"
EndProject
Project("{FAE04EC0-301F-11D3-BF4B-00C04F79EFBC}") = "06 115 DockAroundTheBlock", "06 115 DockAroundTheBlock\06 115 DockAroundTheBlock.csproj", "{9CFF13BE-297D-4962-9F2B-A119588974E8}"
EndProject
Global
	GlobalSection(SolutionConfigurationPlatforms) = preSolution
		Debug|Any CPU = Debug|Any CPU
		Release|Any CPU = Release|Any CPU
	EndGlobalSection
	GlobalSection(ProjectConfigurationPlatforms) = postSolution
		{793284FA-333A-4836-8096-314E5F91385F}.Debug|Any CPU.ActiveCfg = Debug|Any CPU
		{793284FA-333A-4836-8096-314E5F91385F}.Debug|Any CPU.Build.0 = Debug|Any CPU
		{793284FA-333A-4836-8096-314E5F91385F}.Release|Any CPU.ActiveCfg = Release|Any CPU
		{793284FA-333A-4836-8096-314E5F91385F}.Release|Any CPU.Build.0 = Release|Any CPU
		{DA0B9C59-62C5-4C41-9587-4FB8A127B70D}.Debug|Any CPU.ActiveCfg = Debug|Any CPU
		{DA0B9C59-62C5-4C41-9587-4FB8A127B70D}.Debug|Any CPU.Build.0 = Debug|Any CPU
		{DA0B9C59-62C5-4C41-9587-4FB8A127B70D}.Release|Any CPU.ActiveCfg = Release|Any CPU
		{DA0B9C59-62C5-4C41-9587-4FB8A127B70D}.Release|Any CPU.Build.0 = Release|Any CPU
		{AB6D60C4-0078-40CC-BFC7-EC2157130B7F}.Debug|Any CPU.ActiveCfg = Debug|Any CPU
		{AB6D60C4-0078-40CC-BFC7-EC2157130B7F}.Debug|Any CPU.Build.0 = Debug|Any CPU
		{AB6D60C4-0078-40CC-BFC7-EC2157130B7F}.Release|Any CPU.ActiveCfg = Release|Any CPU
		{AB6D60C4-0078-40CC-BFC7-EC2157130B7F}.Release|Any CPU.Build.0 = Release|Any CPU
		{BD019FB5-D774-463C-8EA9-BFD737640347}.Debug|Any CPU.ActiveCfg = Debug|Any CPU
		{BD019FB5-D774-463C-8EA9-BFD737640347}.Debug|Any CPU.Build.0 = Debug|Any CPU
		{BD019FB5-D774-463C-8EA9-BFD737640347}.Release|Any CPU.ActiveCfg = Release|Any CPU
		{BD019FB5-D774-463C-8EA9-BFD737640347}.Release|Any CPU.Build.0 = Release|Any CPU
		{375E5782-5756-41ED-B62D-C6364E5BAEAA}.Debug|Any CPU.ActiveCfg = Debug|Any CPU
		{375E5782-5756-41ED-B62D-C6364E5BAEAA}.Debug|Any CPU.Build.0 = Debug|Any CPU
		{375E5782-5756-41ED-B62D-C6364E5BAEAA}.Release|Any CPU.ActiveCfg = Release|Any CPU
		{375E5782-5756-41ED-B62D-C6364E5BAEAA}.Release|Any CPU.Build.0 = Release|Any CPU
		{4FE8AB37-FFA1-4C7B-B474-F68A3506ED39}.Debug|Any CPU.ActiveCfg = Debug|Any CPU
		{4FE8AB37-FFA1-4C7B-B474-F68A3506ED39}.Debug|Any CPU.Build.0 = Debug|Any CPU
		{4FE8AB37-FFA1-4C7B-B474-F68A3506ED39}.Release|Any CPU.ActiveCfg = Release|Any CPU
		{4FE8AB37-FFA1-4C7B-B474-F68A3506ED39}.Release|Any CPU.Build.0 = Release|Any CPU
		{F218CE31-4762-4CE3-9510-E19F37658B0B}.Debug|Any CPU.ActiveCfg = Debug|Any CPU
		{F218CE31-4762-4CE3-9510-E19F37658B0B}.Debug|Any CPU.Build.0 = Debug|Any CPU
		{F218CE31-4762-4CE3-9510-E19F37658B0B}.Release|Any CPU.ActiveCfg = Release|Any CPU
		{F218CE31-4762-4CE3-9510-E19F37658B0B}.Release|Any CPU.Build.0 = Release|Any CPU
		{14E662F2-3087-4F4B-BAE0-FE873FFFEB4C}.Debug|Any CPU.ActiveCfg = Debug|Any CPU
		{14E662F2-3087-4F4B-BAE0-FE873FFFEB4C}.Debug|Any CPU.Build.0 = Debug|Any CPU
		{14E662F2-3087-4F4B-BAE0-FE873FFFEB4C}.Release|Any CPU.ActiveCfg = Release|Any CPU
		{14E662F2-3087-4F4B-BAE0-FE873FFFEB4C}.Release|Any CPU.Build.0 = Release|Any CPU
		{1D12AFCA-26AB-49BC-A978-2A7A7439A4EE}.Debug|Any CPU.ActiveCfg = Debug|Any CPU
		{1D12AFCA-26AB-49BC-A978-2A7A7439A4EE}.Debug|Any CPU.Build.0 = Debug|Any CPU
		{1D12AFCA-26AB-49BC-A978-2A7A7439A4EE}.Release|Any CPU.ActiveCfg = Release|Any CPU
		{1D12AFCA-26AB-49BC-A978-2A7A7439A4EE}.Release|Any CPU.Build.0 = Release|Any CPU
		{9CFF13BE-297D-4962-9F2B-A119588974E8}.Debug|Any CPU.ActiveCfg = Debug|Any CPU
		{9CFF13BE-297D-4962-9F2B-A119588974E8}.Debug|Any CPU.Build.0 = Debug|Any CPU
		{9CFF13BE-297D-4962-9F2B-A119588974E8}.Release|Any CPU.ActiveCfg = Release|Any CPU
		{9CFF13BE-297D-4962-9F2B-A119588974E8}.Release|Any CPU.Build.0 = Release|Any CPU
	EndGlobalSection
	GlobalSection(SolutionProperties) = preSolution
		HideSolutionNode = FALSE
	EndGlobalSection
	GlobalSection(ExtensibilityGlobals) = postSolution
		SolutionGuid = {1ACAF6A4-6533-4279-85AD-0C1B2BF65C3D}
	EndGlobalSection
EndGlobal
