
Microsoft Visual Studio Solution File, Format Version 12.00
# Visual Studio Version 16
VisualStudioVersion = 16.0.30503.244
MinimumVisualStudioVersion = 10.0.40219.1
Project("{FAE04EC0-301F-11D3-BF4B-00C04F79EFBC}") = "00 014 SayHello", "00 014 SayHello\00 014 SayHello.csproj", "{793284FA-333A-4836-8096-314E5F91385F}"
EndProject
Project("{FAE04EC0-301F-11D3-BF4B-00C04F79EFBC}") = "02 052 RotateTheGradientOrigin", "02 052 RotateTheGradientOrigin\02 052 RotateTheGradientOrigin.csproj", "{DA0B9C59-62C5-4C41-9587-4FB8A127B70D}"
EndProject
Project("{FAE04EC0-301F-11D3-BF4B-00C04F79EFBC}") = "01 022 ThrowWinPatry", "01 022 ThrowWinPatry\01 022 ThrowWinPatry.csproj", "{AB6D60C4-0078-40CC-BFC7-EC2157130B7F}"
EndProject
Global
	GlobalSection(SolutionConfigurationPlatforms) = preSolution
		Debug|Any CPU = Debug|Any CPU
		Release|Any CPU = Release|Any CPU
	EndGlobalSection
	GlobalSection(ProjectConfigurationPlatforms) = postSolution
		{793284FA-333A-4836-8096-314E5F91385F}.Debug|Any CPU.ActiveCfg = Debug|Any CPU
		{793284FA-333A-4836-8096-314E5F91385F}.Debug|Any CPU.Build.0 = Debug|Any CPU
		{793284FA-333A-4836-8096-314E5F91385F}.Release|Any CPU.ActiveCfg = Release|Any CPU
		{793284FA-333A-4836-8096-314E5F91385F}.Release|Any CPU.Build.0 = Release|Any CPU
		{DA0B9C59-62C5-4C41-9587-4FB8A127B70D}.Debug|Any CPU.ActiveCfg = Debug|Any CPU
		{DA0B9C59-62C5-4C41-9587-4FB8A127B70D}.Debug|Any CPU.Build.0 = Debug|Any CPU
		{DA0B9C59-62C5-4C41-9587-4FB8A127B70D}.Release|Any CPU.ActiveCfg = Release|Any CPU
		{DA0B9C59-62C5-4C41-9587-4FB8A127B70D}.Release|Any CPU.Build.0 = Release|Any CPU
		{AB6D60C4-0078-40CC-BFC7-EC2157130B7F}.Debug|Any CPU.ActiveCfg = Debug|Any CPU
		{AB6D60C4-0078-40CC-BFC7-EC2157130B7F}.Debug|Any CPU.Build.0 = Debug|Any CPU
		{AB6D60C4-0078-40CC-BFC7-EC2157130B7F}.Release|Any CPU.ActiveCfg = Release|Any CPU
		{AB6D60C4-0078-40CC-BFC7-EC2157130B7F}.Release|Any CPU.Build.0 = Release|Any CPU
	EndGlobalSection
	GlobalSection(SolutionProperties) = preSolution
		HideSolutionNode = FALSE
	EndGlobalSection
	GlobalSection(ExtensibilityGlobals) = postSolution
		SolutionGuid = {1ACAF6A4-6533-4279-85AD-0C1B2BF65C3D}
	EndGlobalSection
EndGlobal
