
Microsoft Visual Studio Solution File, Format Version 12.00
# Visual Studio Version 16
VisualStudioVersion = 16.0.30413.136
MinimumVisualStudioVersion = 10.0.40219.1
Project("{FAE04EC0-301F-11D3-BF4B-00C04F79EFBC}") = "00 014 SayHello", "00 014 SayHello\00 014 SayHello.csproj", "{793284FA-333A-4836-8096-314E5F91385F}"
EndProject
Project("{FAE04EC0-301F-11D3-BF4B-00C04F79EFBC}") = "01 031 TypeYourTitle", "01 031 TypeYourTitle\01 031 TypeYourTitle.csproj", "{1507BB93-6C9A-4F63-9F8F-8FDA6BD44ED7}"
EndProject
Project("{FAE04EC0-301F-11D3-BF4B-00C04F79EFBC}") = "03 066 FormatTheText", "03 066 FormatTheText\03 066 FormatTheText\03 066 FormatTheText.csproj", "{BFDBCE6F-FF52-4E0E-B008-B42CBA87550A}"
EndProject
Project("{FAE04EC0-301F-11D3-BF4B-00C04F79EFBC}") = "02 039 FlipThroughTheBrushes", "02 039 FlipThroughTheBrushes\02 039 FlipThroughTheBrushes\02 039 FlipThroughTheBrushes.csproj", "{AC640A7E-027A-4CD7-82D1-6E5544417055}"
EndProject
Project("{FAE04EC0-301F-11D3-BF4B-00C04F79EFBC}") = "02 042 GradiateTheBrush", "02 042 GradiateTheBrush\02 042 GradiateTheBrush.csproj", "{B23A4911-8B46-448C-86A2-142BEE389095}"
EndProject
Project("{FAE04EC0-301F-11D3-BF4B-00C04F79EFBC}") = "04 073 ClickTheButton", "04 073 ClickTheButton\04 073 ClickTheButton.csproj", "{870597B8-978C-429D-BE93-343374F49DCD}"
EndProject
Project("{FAE04EC0-301F-11D3-BF4B-00C04F79EFBC}") = "02 052 RotateTheGradientOrigin", "02 052 RotateTheGradientOrigin\02 052 RotateTheGradientOrigin.csproj", "{DA0B9C59-62C5-4C41-9587-4FB8A127B70D}"
EndProject
Project("{FAE04EC0-301F-11D3-BF4B-00C04F79EFBC}") = "01 022 ThrowWinPatry", "01 022 ThrowWinPatry\01 022 ThrowWinPatry.csproj", "{AB6D60C4-0078-40CC-BFC7-EC2157130B7F}"
EndProject
Project("{FAE04EC0-301F-11D3-BF4B-00C04F79EFBC}") = "03 071 RenderTheGraphic", "03 071 RenderTheGraphic\03 071 RenderTheGraphic.csproj", "{BD019FB5-D774-463C-8EA9-BFD737640347}"
EndProject
Project("{FAE04EC0-301F-11D3-BF4B-00C04F79EFBC}") = "03 058 RecordKeystrokes", "03 058 RecordKeystrokes\03 058 RecordKeystrokes.csproj", "{F218CE31-4762-4CE3-9510-E19F37658B0B}"
EndProject
Project("{FAE04EC0-301F-11D3-BF4B-00C04F79EFBC}") = "03 068 ToggleBoldAndItalic", "03 068 ToggleBoldAndItalic\03 068 ToggleBoldAndItalic.csproj", "{14E662F2-3087-4F4B-BAE0-FE873FFFEB4C}"
EndProject
Project("{FAE04EC0-301F-11D3-BF4B-00C04F79EFBC}") = "04 092 EditSomeText", "04 092 EditSomeText\04 092 EditSomeText.csproj", "{1D12AFCA-26AB-49BC-A978-2A7A7439A4EE}"
EndProject
Project("{FAE04EC0-301F-11D3-BF4B-00C04F79EFBC}") = "06 115 DockAroundTheBlock", "06 115 DockAroundTheBlock\06 115 DockAroundTheBlock.csproj", "{9CFF13BE-297D-4962-9F2B-A119588974E8}"
EndProject
Project("{FAE04EC0-301F-11D3-BF4B-00C04F79EFBC}") = "01 025 InheritTheApp", "01 025 InheritTheApp\01 025 InheritTheApp.csproj", "{30C44B16-B5DE-4A36-A3FA-AEC79118AAEE}"
EndProject
Project("{FAE04EC0-301F-11D3-BF4B-00C04F79EFBC}") = "04 085 BindTheButton", "04 085 BindTheButton\04 085 BindTheButton.csproj", "{90132774-2BB8-40A1-B7E1-2FA53829872F}"
EndProject
Project("{FAE04EC0-301F-11D3-BF4B-00C04F79EFBC}") = "05 103 ScrollFiftyButtons", "05 103 ScrollFiftyButtons.cs\05 103 ScrollFiftyButtons.cs\05 103 ScrollFiftyButtons.csproj", "{9562E1EB-A841-4B5D-9C08-A7666FF48899}"
EndProject
Project("{FAE04EC0-301F-11D3-BF4B-00C04F79EFBC}") = "12 246 DuplicateUniformGrid", "12 246 DuplicateUniformGrid\12 246 DuplicateUniformGrid.csproj", "{EF13FF3C-B989-45A3-BE67-99E4F35F99D7}"
EndProject
Project("{FAE04EC0-301F-11D3-BF4B-00C04F79EFBC}") = "06 133 SplitTheClient", "06 133 SplitTheClient\06 133 SplitTheClient.csproj", "{4B48C198-0129-4923-8097-78F8AC357E47}"
EndProject
Project("{FAE04EC0-301F-11D3-BF4B-00C04F79EFBC}") = "11 228 BuildButtonFactory", "11 228 BuildButtonFactory\11 228 BuildButtonFactory.csproj", "{1CAE9BCC-2B3F-4EC1-BE92-B294B8D033EE}"
EndProject
Project("{FAE04EC0-301F-11D3-BF4B-00C04F79EFBC}") = "14 299 PeruseTheMenu", "14 299 PeruseTheMenu\14 299 PeruseTheMenu.csproj", "{10CD61F5-D91A-460C-AEC3-A54EC1C69B75}"
EndProject
Project("{FAE04EC0-301F-11D3-BF4B-00C04F79EFBC}") = "03 061 ShowMyFace", "03 061 ShowMyFace\03 061 ShowMyFace.csproj", "{E253CD67-E36F-4A74-AABF-10AB3A79C1C9}"
EndProject
Project("{FAE04EC0-301F-11D3-BF4B-00C04F79EFBC}") = "05 106 DesignAButton", "05 106 DesignAButton\05 106 DesignAButton.csproj", "{32918C01-7436-4799-A94C-BBAFF1A582BA}"
EndProject
Project("{FAE04EC0-301F-11D3-BF4B-00C04F79EFBC}") = "06 127 SpanTheCells", "06 127 SpanTheCells\06 127 SpanTheCells.csproj", "{3A716852-860F-47DC-A62F-80933EF8FFAA}"
EndProject
Project("{FAE04EC0-301F-11D3-BF4B-00C04F79EFBC}") = "08 161 SetSpaceProperty", "08 161 SetSpaceProperty\08 161 SetSpaceProperty.csproj", "{BED1BDA2-1B3F-4EFB-81AD-865E73A3CA5A}"
EndProject
Project("{FAE04EC0-301F-11D3-BF4B-00C04F79EFBC}") = "19 491 CompileXamlWindow", "19 491 CompileXamlWindow\19 491 CompileXamlWindow.csproj", "{457978D0-D726-4FDA-A0E2-4A1743259AA1}"
EndProject
Project("{FAE04EC0-301F-11D3-BF4B-00C04F79EFBC}") = "01 029 GrowAndShrink", "01 029 GrowAndShrink\01 029 GrowAndShrink.csproj", "{375E5782-5756-41ED-B62D-C6364E5BAEAA}"
EndProject
Project("{FAE04EC0-301F-11D3-BF4B-00C04F79EFBC}") = "04 079 ImageTheButton.cs", "04 079 ImageTheButton.cs\Project1\04 079 ImageTheButton.cs.csproj", "{69F93383-2D4E-493D-8533-AE6BAC6DCDB5}"
EndProject
Project("{FAE04EC0-301F-11D3-BF4B-00C04F79EFBC}") = "11 241 SelectColor", "11 241 SelectColor\11 241 SelectColor.csproj", "{324682AD-C0F1-4EDF-8C10-E88DE18AE7D7}"
EndProject
Project("{FAE04EC0-301F-11D3-BF4B-00C04F79EFBC}") = "14 317 CommandTheMenu", "14 317 CommandTheMenu\CommandTheMenu 14 317\14 317 CommandTheMenu.csproj", "{FC7AF8AD-6BD0-4F46-984A-4BBB6B76EC43}"
EndProject
Project("{FAE04EC0-301F-11D3-BF4B-00C04F79EFBC}") = "13 268 ListColorNames", "13 268 ListColorNames\13 268 ListColorNames.csproj", "{3B63309E-A8C4-485A-A73D-E57257B04375}"
EndProject
Project("{FAE04EC0-301F-11D3-BF4B-00C04F79EFBC}") = "19 482 LoadXamlResource", "19 482 LoadXamlResource\19 482 LoadXamlResource.csproj", "{36AD4690-6BB5-4358-9F9D-0CA97AF92B1B}"
EndProject
Project("{FAE04EC0-301F-11D3-BF4B-00C04F79EFBC}") = "30 867 EnlargeButtonWithTimer", "30 867 EnlargeButtonWithTimer\30 867 EnlargeButtonWithTimer.csproj", "{7AF7266C-C0F7-4A1B-8E59-8D41C01D0CC5}"
EndProject
Project("{FAE04EC0-301F-11D3-BF4B-00C04F79EFBC}") = "30 869 EnlargeButtonWithAnimation", "30 869 EnlargeButtonWithAnimation\30 869 EnlargeButtonWithAnimation.csproj", "{CF2F2EE3-393E-459B-AFEE-272A8E328B5A}"
EndProject
Project("{FAE04EC0-301F-11D3-BF4B-00C04F79EFBC}") = "01 020 InheritTheApp", "01 020 InheritTheApp\01 020 InheritTheApp.csproj", "{1F04A2EC-ADF7-4CEB-B03A-2C6921136C8A}"
EndProject
Project("{FAE04EC0-301F-11D3-BF4B-00C04F79EFBC}") = "02 046 AdjustTheGradient", "02 046 AdjustTheGradient\02 046 AdjustTheGradient.csproj", "{D81C0D55-8BE4-4C97-9BFD-D01E50F92E55}"
EndProject
Project("{FAE04EC0-301F-11D3-BF4B-00C04F79EFBC}") = "28 828 Text Geometry", "28 828 Text Geometry\28 828 Text Geometry\28 828 Text Geometry.csproj", "{81390358-B07B-43B6-B415-D77688F80591}"
EndProject
Project("{FAE04EC0-301F-11D3-BF4B-00C04F79EFBC}") = "07 141 PaintTheButton.cs", "07 141 PaintTheButton.cs\07 141 PaintTheButton.cs\07 141 PaintTheButton.cs.csproj", "{23DC5653-6309-4247-9CB0-7457B4A5FF24}"
EndProject
Project("{FAE04EC0-301F-11D3-BF4B-00C04F79EFBC}") = "04 078 ImageTheButton", "04 078 ImageTheButton\04 078 ImageTheButton.csproj", "{70BC0796-C29F-4581-A6A7-3A302AF094EF}"
EndProject
Project("{FAE04EC0-301F-11D3-BF4B-00C04F79EFBC}") = "05 110 ExploreDirectories", "05 110 ExploreDirectories\05 110 ExploreDirectories\05 110 ExploreDirectories.csproj", "{DCE2A09A-E9C3-4F22-9589-8E32ED97406B}"
EndProject
Project("{FAE04EC0-301F-11D3-BF4B-00C04F79EFBC}") = "09 169 ExamineRoutedEvents", "09 169 ExamineRoutedEvents\09 169 ExamineRoutedEvents\09 169 ExamineRoutedEvents.csproj", "{EE43F01C-980F-46D5-8539-83D65F0D0CF9}"
EndProject
Project("{FAE04EC0-301F-11D3-BF4B-00C04F79EFBC}") = "13 279 ListColorShapes", "13 279 ListColorShapes\13 279 ListColorShapes\13 279 ListColorShapes.csproj", "{9A3E4609-E6C2-4036-973C-DE9E30790BBA}"
EndProject
Project("{FAE04EC0-301F-11D3-BF4B-00C04F79EFBC}") = "06 117 MeetTheDockers", "06 117 MeetTheDockers\06 117 MeetTheDockers\06 117 MeetTheDockers.csproj", "{C3276A15-72D7-4180-9C1C-CF989FE859C0}"
EndProject
Project("{FAE04EC0-301F-11D3-BF4B-00C04F79EFBC}") = "06 130 SplitNine", "06 130 SplitNine\06 130 SplitNine\06 130 SplitNine.csproj", "{142BF6C7-1ACD-4C87-816F-EB0438C48284}"
EndProject
Project("{FAE04EC0-301F-11D3-BF4B-00C04F79EFBC}") = "09 180 DrawCircles", "09 180 DrawCircles\09 180 DrawCircles\09 180 DrawCircles.csproj", "{7FB95296-A737-4F0B-9180-9E0C32D96BDD}"
EndProject
Project("{FAE04EC0-301F-11D3-BF4B-00C04F79EFBC}") = "19 485 LoadXamlFile", "19 485 LoadXamlFile\19 485 LoadXamlFile\19 485 LoadXamlFile.csproj", "{729F782E-6A35-41C6-8EB4-15A923E31E84}"
EndProject
Project("{FAE04EC0-301F-11D3-BF4B-00C04F79EFBC}") = "23 627 BindLabelToScrollBar", "23 627 BindLabelToScrollBar\23 627 BindLabelToScrollBar\23 627 BindLabelToScrollBar.csproj", "{4D4FADAD-DD45-468D-AFC5-54A7A7D1E39C}"
EndProject
Project("{FAE04EC0-301F-11D3-BF4B-00C04F79EFBC}") = "03 054 DisplaySomeText", "03 054 DisplaySomeText\03 054 DisplaySomeText.csproj", "{3E5DCB7F-922D-4357-933E-D2944AABDF2B}"
EndProject
Project("{FAE04EC0-301F-11D3-BF4B-00C04F79EFBC}") = "08 150 SetFontSizeProperty", "08 150 SetFontSizeProperty\08 150 SetFontSizeProperty.csproj", "{ED61BF65-D936-4DFD-A039-8C71F0A9EAF5}"
EndProject
Project("{FAE04EC0-301F-11D3-BF4B-00C04F79EFBC}") = "30 895 RenderTheAnimation", "30 895 RenderTheAnimation\30 895 RenderTheAnimation.csproj", "{934E04A7-CBD6-43EF-A19A-50E45DE79950}"
EndProject
Project("{FAE04EC0-301F-11D3-BF4B-00C04F79EFBC}") = "13 280 ListColoredLabels", "13 280 ListColoredLabels\13 280 ListColoredLabels\13 280 ListColoredLabels.csproj", "{E97CB0B4-0A24-4DE4-A8A4-3DDC3ABD8B1E}"
EndProject
Project("{FAE04EC0-301F-11D3-BF4B-00C04F79EFBC}") = "02 047 FollowTheRainbow", "02 047 FollowTheRainbow\02 047 FollowTheRainbow.csproj", "{4FE8AB37-FFA1-4C7B-B474-F68A3506ED39}"
EndProject
Project("{FAE04EC0-301F-11D3-BF4B-00C04F79EFBC}") = "13 282 ListWithListBoxItems", "13 282 ListWithListBoxItems\13 282 ListWithListBoxItems\13 282 ListWithListBoxItems.csproj", "{327FC5C0-5C8E-40E6-8009-919E9A445282}"
EndProject
Project("{FAE04EC0-301F-11D3-BF4B-00C04F79EFBC}") = "21 563 MyResources", "21 563 MyResources\21 563 MyResources\21 563 MyResources.csproj", "{2AF4B683-3DD8-4402-B1A8-257AAC9DC2A6}"
EndProject
Project("{FAE04EC0-301F-11D3-BF4B-00C04F79EFBC}") = "28 806 FourOverlappingCircles", "28 806 FourOverlappingCircles\28 806 FourOverlappingCircles\28 806 FourOverlappingCircles.csproj", "{7D148262-BD76-47EE-A8C7-F39FC47975DA}"
EndProject
Project("{FAE04EC0-301F-11D3-BF4B-00C04F79EFBC}") = "24 662-3 StylesWithSameKeys", "24 662-3 StylesWithSameKeys\24 662-3 StylesWithSameKeys.csproj", "{7163A095-4C6F-4765-AC70-A1EDE057124E}"
EndProject
Project("{FAE04EC0-301F-11D3-BF4B-00C04F79EFBC}") = "24 660 ButtonWithLocalStyle", "24 660 ButtonWithLocalStyle\24 660 ButtonWithLocalStyle.csproj", "{0502F1FF-9C0D-47E6-B9C8-D7C53A77A6FA}"
EndProject
Project("{FAE04EC0-301F-11D3-BF4B-00C04F79EFBC}") = "24 661 StyleWithMultipleButtons", "24 661 StyleWithMultipleButtons\24 661 StyleWithMultipleButtons.csproj", "{F37BEC5E-0AC4-4997-A354-406EDD3B3BD7}"
EndProject
Project("{FAE04EC0-301F-11D3-BF4B-00C04F79EFBC}") = "24 661-2 StyleWithMultipleElements", "24 661-2StyleWithMultipleElements\24 661-2 StyleWithMultipleElements.csproj", "{765D3F27-45CC-42FC-BE2F-BE65F2084852}"
EndProject
Project("{FAE04EC0-301F-11D3-BF4B-00C04F79EFBC}") = "20 537 DumpContentPropertyAttributes", "20 537 DumpContentPropertyAttributes\20 537 DumpContentPropertyAttributes.csproj", "{453EFD37-9547-4288-97BA-7B447BDC054B}"
EndProject
Project("{FAE04EC0-301F-11D3-BF4B-00C04F79EFBC}") = "31 911 CreateIndexedBitmap", "31 911 CreateIndexedBitmap\31 911 CreateIndexedBitmap.csproj", "{69ECEA23-E698-4A5F-851C-1692705F4151}"
EndProject
Global
	GlobalSection(SolutionConfigurationPlatforms) = preSolution
		Debug|Any CPU = Debug|Any CPU
		Release|Any CPU = Release|Any CPU
	EndGlobalSection
	GlobalSection(ProjectConfigurationPlatforms) = postSolution
		{793284FA-333A-4836-8096-314E5F91385F}.Debug|Any CPU.ActiveCfg = Debug|Any CPU
		{793284FA-333A-4836-8096-314E5F91385F}.Debug|Any CPU.Build.0 = Debug|Any CPU
		{793284FA-333A-4836-8096-314E5F91385F}.Release|Any CPU.ActiveCfg = Release|Any CPU
		{793284FA-333A-4836-8096-314E5F91385F}.Release|Any CPU.Build.0 = Release|Any CPU
		{1507BB93-6C9A-4F63-9F8F-8FDA6BD44ED7}.Debug|Any CPU.ActiveCfg = Debug|Any CPU
		{1507BB93-6C9A-4F63-9F8F-8FDA6BD44ED7}.Debug|Any CPU.Build.0 = Debug|Any CPU
		{1507BB93-6C9A-4F63-9F8F-8FDA6BD44ED7}.Release|Any CPU.ActiveCfg = Release|Any CPU
		{1507BB93-6C9A-4F63-9F8F-8FDA6BD44ED7}.Release|Any CPU.Build.0 = Release|Any CPU
		{BFDBCE6F-FF52-4E0E-B008-B42CBA87550A}.Debug|Any CPU.ActiveCfg = Debug|Any CPU
		{BFDBCE6F-FF52-4E0E-B008-B42CBA87550A}.Debug|Any CPU.Build.0 = Debug|Any CPU
		{BFDBCE6F-FF52-4E0E-B008-B42CBA87550A}.Release|Any CPU.ActiveCfg = Release|Any CPU
		{BFDBCE6F-FF52-4E0E-B008-B42CBA87550A}.Release|Any CPU.Build.0 = Release|Any CPU
		{AC640A7E-027A-4CD7-82D1-6E5544417055}.Debug|Any CPU.ActiveCfg = Debug|Any CPU
		{AC640A7E-027A-4CD7-82D1-6E5544417055}.Debug|Any CPU.Build.0 = Debug|Any CPU
		{AC640A7E-027A-4CD7-82D1-6E5544417055}.Release|Any CPU.ActiveCfg = Release|Any CPU
		{AC640A7E-027A-4CD7-82D1-6E5544417055}.Release|Any CPU.Build.0 = Release|Any CPU
		{B23A4911-8B46-448C-86A2-142BEE389095}.Debug|Any CPU.ActiveCfg = Debug|Any CPU
		{B23A4911-8B46-448C-86A2-142BEE389095}.Debug|Any CPU.Build.0 = Debug|Any CPU
		{B23A4911-8B46-448C-86A2-142BEE389095}.Release|Any CPU.ActiveCfg = Release|Any CPU
		{B23A4911-8B46-448C-86A2-142BEE389095}.Release|Any CPU.Build.0 = Release|Any CPU
		{870597B8-978C-429D-BE93-343374F49DCD}.Debug|Any CPU.ActiveCfg = Debug|Any CPU
		{870597B8-978C-429D-BE93-343374F49DCD}.Debug|Any CPU.Build.0 = Debug|Any CPU
		{870597B8-978C-429D-BE93-343374F49DCD}.Release|Any CPU.ActiveCfg = Release|Any CPU
		{870597B8-978C-429D-BE93-343374F49DCD}.Release|Any CPU.Build.0 = Release|Any CPU
		{DA0B9C59-62C5-4C41-9587-4FB8A127B70D}.Debug|Any CPU.ActiveCfg = Debug|Any CPU
		{DA0B9C59-62C5-4C41-9587-4FB8A127B70D}.Debug|Any CPU.Build.0 = Debug|Any CPU
		{DA0B9C59-62C5-4C41-9587-4FB8A127B70D}.Release|Any CPU.ActiveCfg = Release|Any CPU
		{DA0B9C59-62C5-4C41-9587-4FB8A127B70D}.Release|Any CPU.Build.0 = Release|Any CPU
		{AB6D60C4-0078-40CC-BFC7-EC2157130B7F}.Debug|Any CPU.ActiveCfg = Debug|Any CPU
		{AB6D60C4-0078-40CC-BFC7-EC2157130B7F}.Debug|Any CPU.Build.0 = Debug|Any CPU
		{AB6D60C4-0078-40CC-BFC7-EC2157130B7F}.Release|Any CPU.ActiveCfg = Release|Any CPU
		{AB6D60C4-0078-40CC-BFC7-EC2157130B7F}.Release|Any CPU.Build.0 = Release|Any CPU
		{BD019FB5-D774-463C-8EA9-BFD737640347}.Debug|Any CPU.ActiveCfg = Debug|Any CPU
		{BD019FB5-D774-463C-8EA9-BFD737640347}.Debug|Any CPU.Build.0 = Debug|Any CPU
		{BD019FB5-D774-463C-8EA9-BFD737640347}.Release|Any CPU.ActiveCfg = Release|Any CPU
		{BD019FB5-D774-463C-8EA9-BFD737640347}.Release|Any CPU.Build.0 = Release|Any CPU
		{F218CE31-4762-4CE3-9510-E19F37658B0B}.Debug|Any CPU.ActiveCfg = Debug|Any CPU
		{F218CE31-4762-4CE3-9510-E19F37658B0B}.Debug|Any CPU.Build.0 = Debug|Any CPU
		{F218CE31-4762-4CE3-9510-E19F37658B0B}.Release|Any CPU.ActiveCfg = Release|Any CPU
		{F218CE31-4762-4CE3-9510-E19F37658B0B}.Release|Any CPU.Build.0 = Release|Any CPU
		{14E662F2-3087-4F4B-BAE0-FE873FFFEB4C}.Debug|Any CPU.ActiveCfg = Debug|Any CPU
		{14E662F2-3087-4F4B-BAE0-FE873FFFEB4C}.Debug|Any CPU.Build.0 = Debug|Any CPU
		{14E662F2-3087-4F4B-BAE0-FE873FFFEB4C}.Release|Any CPU.ActiveCfg = Release|Any CPU
		{14E662F2-3087-4F4B-BAE0-FE873FFFEB4C}.Release|Any CPU.Build.0 = Release|Any CPU
		{1D12AFCA-26AB-49BC-A978-2A7A7439A4EE}.Debug|Any CPU.ActiveCfg = Debug|Any CPU
		{1D12AFCA-26AB-49BC-A978-2A7A7439A4EE}.Debug|Any CPU.Build.0 = Debug|Any CPU
		{1D12AFCA-26AB-49BC-A978-2A7A7439A4EE}.Release|Any CPU.ActiveCfg = Release|Any CPU
		{1D12AFCA-26AB-49BC-A978-2A7A7439A4EE}.Release|Any CPU.Build.0 = Release|Any CPU
		{9CFF13BE-297D-4962-9F2B-A119588974E8}.Debug|Any CPU.ActiveCfg = Debug|Any CPU
		{9CFF13BE-297D-4962-9F2B-A119588974E8}.Debug|Any CPU.Build.0 = Debug|Any CPU
		{9CFF13BE-297D-4962-9F2B-A119588974E8}.Release|Any CPU.ActiveCfg = Release|Any CPU
		{9CFF13BE-297D-4962-9F2B-A119588974E8}.Release|Any CPU.Build.0 = Release|Any CPU
		{30C44B16-B5DE-4A36-A3FA-AEC79118AAEE}.Debug|Any CPU.ActiveCfg = Debug|Any CPU
		{30C44B16-B5DE-4A36-A3FA-AEC79118AAEE}.Debug|Any CPU.Build.0 = Debug|Any CPU
		{30C44B16-B5DE-4A36-A3FA-AEC79118AAEE}.Release|Any CPU.ActiveCfg = Release|Any CPU
		{30C44B16-B5DE-4A36-A3FA-AEC79118AAEE}.Release|Any CPU.Build.0 = Release|Any CPU
		{90132774-2BB8-40A1-B7E1-2FA53829872F}.Debug|Any CPU.ActiveCfg = Debug|Any CPU
		{90132774-2BB8-40A1-B7E1-2FA53829872F}.Debug|Any CPU.Build.0 = Debug|Any CPU
		{90132774-2BB8-40A1-B7E1-2FA53829872F}.Release|Any CPU.ActiveCfg = Release|Any CPU
		{90132774-2BB8-40A1-B7E1-2FA53829872F}.Release|Any CPU.Build.0 = Release|Any CPU
		{9562E1EB-A841-4B5D-9C08-A7666FF48899}.Debug|Any CPU.ActiveCfg = Debug|Any CPU
		{9562E1EB-A841-4B5D-9C08-A7666FF48899}.Debug|Any CPU.Build.0 = Debug|Any CPU
		{9562E1EB-A841-4B5D-9C08-A7666FF48899}.Release|Any CPU.ActiveCfg = Release|Any CPU
		{9562E1EB-A841-4B5D-9C08-A7666FF48899}.Release|Any CPU.Build.0 = Release|Any CPU
		{EF13FF3C-B989-45A3-BE67-99E4F35F99D7}.Debug|Any CPU.ActiveCfg = Debug|Any CPU
		{EF13FF3C-B989-45A3-BE67-99E4F35F99D7}.Debug|Any CPU.Build.0 = Debug|Any CPU
		{EF13FF3C-B989-45A3-BE67-99E4F35F99D7}.Release|Any CPU.ActiveCfg = Release|Any CPU
		{EF13FF3C-B989-45A3-BE67-99E4F35F99D7}.Release|Any CPU.Build.0 = Release|Any CPU
		{4B48C198-0129-4923-8097-78F8AC357E47}.Debug|Any CPU.ActiveCfg = Debug|Any CPU
		{4B48C198-0129-4923-8097-78F8AC357E47}.Debug|Any CPU.Build.0 = Debug|Any CPU
		{4B48C198-0129-4923-8097-78F8AC357E47}.Release|Any CPU.ActiveCfg = Release|Any CPU
		{4B48C198-0129-4923-8097-78F8AC357E47}.Release|Any CPU.Build.0 = Release|Any CPU
		{1CAE9BCC-2B3F-4EC1-BE92-B294B8D033EE}.Debug|Any CPU.ActiveCfg = Debug|Any CPU
		{1CAE9BCC-2B3F-4EC1-BE92-B294B8D033EE}.Debug|Any CPU.Build.0 = Debug|Any CPU
		{1CAE9BCC-2B3F-4EC1-BE92-B294B8D033EE}.Release|Any CPU.ActiveCfg = Release|Any CPU
		{1CAE9BCC-2B3F-4EC1-BE92-B294B8D033EE}.Release|Any CPU.Build.0 = Release|Any CPU
		{10CD61F5-D91A-460C-AEC3-A54EC1C69B75}.Debug|Any CPU.ActiveCfg = Debug|Any CPU
		{10CD61F5-D91A-460C-AEC3-A54EC1C69B75}.Debug|Any CPU.Build.0 = Debug|Any CPU
		{10CD61F5-D91A-460C-AEC3-A54EC1C69B75}.Release|Any CPU.ActiveCfg = Release|Any CPU
		{10CD61F5-D91A-460C-AEC3-A54EC1C69B75}.Release|Any CPU.Build.0 = Release|Any CPU
		{E253CD67-E36F-4A74-AABF-10AB3A79C1C9}.Debug|Any CPU.ActiveCfg = Debug|Any CPU
		{E253CD67-E36F-4A74-AABF-10AB3A79C1C9}.Debug|Any CPU.Build.0 = Debug|Any CPU
		{E253CD67-E36F-4A74-AABF-10AB3A79C1C9}.Release|Any CPU.ActiveCfg = Release|Any CPU
		{E253CD67-E36F-4A74-AABF-10AB3A79C1C9}.Release|Any CPU.Build.0 = Release|Any CPU
		{32918C01-7436-4799-A94C-BBAFF1A582BA}.Debug|Any CPU.ActiveCfg = Debug|Any CPU
		{32918C01-7436-4799-A94C-BBAFF1A582BA}.Debug|Any CPU.Build.0 = Debug|Any CPU
		{32918C01-7436-4799-A94C-BBAFF1A582BA}.Release|Any CPU.ActiveCfg = Release|Any CPU
		{32918C01-7436-4799-A94C-BBAFF1A582BA}.Release|Any CPU.Build.0 = Release|Any CPU
		{3A716852-860F-47DC-A62F-80933EF8FFAA}.Debug|Any CPU.ActiveCfg = Debug|Any CPU
		{3A716852-860F-47DC-A62F-80933EF8FFAA}.Debug|Any CPU.Build.0 = Debug|Any CPU
		{3A716852-860F-47DC-A62F-80933EF8FFAA}.Release|Any CPU.ActiveCfg = Release|Any CPU
		{3A716852-860F-47DC-A62F-80933EF8FFAA}.Release|Any CPU.Build.0 = Release|Any CPU
		{BED1BDA2-1B3F-4EFB-81AD-865E73A3CA5A}.Debug|Any CPU.ActiveCfg = Debug|Any CPU
		{BED1BDA2-1B3F-4EFB-81AD-865E73A3CA5A}.Debug|Any CPU.Build.0 = Debug|Any CPU
		{BED1BDA2-1B3F-4EFB-81AD-865E73A3CA5A}.Release|Any CPU.ActiveCfg = Release|Any CPU
		{BED1BDA2-1B3F-4EFB-81AD-865E73A3CA5A}.Release|Any CPU.Build.0 = Release|Any CPU
		{457978D0-D726-4FDA-A0E2-4A1743259AA1}.Debug|Any CPU.ActiveCfg = Debug|Any CPU
		{457978D0-D726-4FDA-A0E2-4A1743259AA1}.Debug|Any CPU.Build.0 = Debug|Any CPU
		{457978D0-D726-4FDA-A0E2-4A1743259AA1}.Release|Any CPU.ActiveCfg = Release|Any CPU
		{457978D0-D726-4FDA-A0E2-4A1743259AA1}.Release|Any CPU.Build.0 = Release|Any CPU
		{375E5782-5756-41ED-B62D-C6364E5BAEAA}.Debug|Any CPU.ActiveCfg = Debug|Any CPU
		{375E5782-5756-41ED-B62D-C6364E5BAEAA}.Debug|Any CPU.Build.0 = Debug|Any CPU
		{375E5782-5756-41ED-B62D-C6364E5BAEAA}.Release|Any CPU.ActiveCfg = Release|Any CPU
		{375E5782-5756-41ED-B62D-C6364E5BAEAA}.Release|Any CPU.Build.0 = Release|Any CPU
		{69F93383-2D4E-493D-8533-AE6BAC6DCDB5}.Debug|Any CPU.ActiveCfg = Debug|Any CPU
		{69F93383-2D4E-493D-8533-AE6BAC6DCDB5}.Debug|Any CPU.Build.0 = Debug|Any CPU
		{69F93383-2D4E-493D-8533-AE6BAC6DCDB5}.Release|Any CPU.ActiveCfg = Release|Any CPU
		{69F93383-2D4E-493D-8533-AE6BAC6DCDB5}.Release|Any CPU.Build.0 = Release|Any CPU
		{324682AD-C0F1-4EDF-8C10-E88DE18AE7D7}.Debug|Any CPU.ActiveCfg = Debug|Any CPU
		{324682AD-C0F1-4EDF-8C10-E88DE18AE7D7}.Debug|Any CPU.Build.0 = Debug|Any CPU
		{324682AD-C0F1-4EDF-8C10-E88DE18AE7D7}.Release|Any CPU.ActiveCfg = Release|Any CPU
		{324682AD-C0F1-4EDF-8C10-E88DE18AE7D7}.Release|Any CPU.Build.0 = Release|Any CPU
		{FC7AF8AD-6BD0-4F46-984A-4BBB6B76EC43}.Debug|Any CPU.ActiveCfg = Debug|Any CPU
		{FC7AF8AD-6BD0-4F46-984A-4BBB6B76EC43}.Debug|Any CPU.Build.0 = Debug|Any CPU
		{FC7AF8AD-6BD0-4F46-984A-4BBB6B76EC43}.Release|Any CPU.ActiveCfg = Release|Any CPU
		{FC7AF8AD-6BD0-4F46-984A-4BBB6B76EC43}.Release|Any CPU.Build.0 = Release|Any CPU
		{3B63309E-A8C4-485A-A73D-E57257B04375}.Debug|Any CPU.ActiveCfg = Debug|Any CPU
		{3B63309E-A8C4-485A-A73D-E57257B04375}.Debug|Any CPU.Build.0 = Debug|Any CPU
		{3B63309E-A8C4-485A-A73D-E57257B04375}.Release|Any CPU.ActiveCfg = Release|Any CPU
		{3B63309E-A8C4-485A-A73D-E57257B04375}.Release|Any CPU.Build.0 = Release|Any CPU
		{36AD4690-6BB5-4358-9F9D-0CA97AF92B1B}.Debug|Any CPU.ActiveCfg = Debug|Any CPU
		{36AD4690-6BB5-4358-9F9D-0CA97AF92B1B}.Debug|Any CPU.Build.0 = Debug|Any CPU
		{36AD4690-6BB5-4358-9F9D-0CA97AF92B1B}.Release|Any CPU.ActiveCfg = Release|Any CPU
		{36AD4690-6BB5-4358-9F9D-0CA97AF92B1B}.Release|Any CPU.Build.0 = Release|Any CPU
		{7AF7266C-C0F7-4A1B-8E59-8D41C01D0CC5}.Debug|Any CPU.ActiveCfg = Debug|Any CPU
		{7AF7266C-C0F7-4A1B-8E59-8D41C01D0CC5}.Debug|Any CPU.Build.0 = Debug|Any CPU
		{7AF7266C-C0F7-4A1B-8E59-8D41C01D0CC5}.Release|Any CPU.ActiveCfg = Release|Any CPU
		{7AF7266C-C0F7-4A1B-8E59-8D41C01D0CC5}.Release|Any CPU.Build.0 = Release|Any CPU
		{CF2F2EE3-393E-459B-AFEE-272A8E328B5A}.Debug|Any CPU.ActiveCfg = Debug|Any CPU
		{CF2F2EE3-393E-459B-AFEE-272A8E328B5A}.Debug|Any CPU.Build.0 = Debug|Any CPU
		{CF2F2EE3-393E-459B-AFEE-272A8E328B5A}.Release|Any CPU.ActiveCfg = Release|Any CPU
		{CF2F2EE3-393E-459B-AFEE-272A8E328B5A}.Release|Any CPU.Build.0 = Release|Any CPU
		{1F04A2EC-ADF7-4CEB-B03A-2C6921136C8A}.Debug|Any CPU.ActiveCfg = Debug|Any CPU
		{1F04A2EC-ADF7-4CEB-B03A-2C6921136C8A}.Debug|Any CPU.Build.0 = Debug|Any CPU
		{1F04A2EC-ADF7-4CEB-B03A-2C6921136C8A}.Release|Any CPU.ActiveCfg = Release|Any CPU
		{1F04A2EC-ADF7-4CEB-B03A-2C6921136C8A}.Release|Any CPU.Build.0 = Release|Any CPU
		{D81C0D55-8BE4-4C97-9BFD-D01E50F92E55}.Debug|Any CPU.ActiveCfg = Debug|Any CPU
		{D81C0D55-8BE4-4C97-9BFD-D01E50F92E55}.Debug|Any CPU.Build.0 = Debug|Any CPU
		{D81C0D55-8BE4-4C97-9BFD-D01E50F92E55}.Release|Any CPU.ActiveCfg = Release|Any CPU
		{D81C0D55-8BE4-4C97-9BFD-D01E50F92E55}.Release|Any CPU.Build.0 = Release|Any CPU
		{81390358-B07B-43B6-B415-D77688F80591}.Debug|Any CPU.ActiveCfg = Debug|Any CPU
		{81390358-B07B-43B6-B415-D77688F80591}.Debug|Any CPU.Build.0 = Debug|Any CPU
		{81390358-B07B-43B6-B415-D77688F80591}.Release|Any CPU.ActiveCfg = Release|Any CPU
		{81390358-B07B-43B6-B415-D77688F80591}.Release|Any CPU.Build.0 = Release|Any CPU
		{23DC5653-6309-4247-9CB0-7457B4A5FF24}.Debug|Any CPU.ActiveCfg = Debug|Any CPU
		{23DC5653-6309-4247-9CB0-7457B4A5FF24}.Debug|Any CPU.Build.0 = Debug|Any CPU
		{23DC5653-6309-4247-9CB0-7457B4A5FF24}.Release|Any CPU.ActiveCfg = Release|Any CPU
		{23DC5653-6309-4247-9CB0-7457B4A5FF24}.Release|Any CPU.Build.0 = Release|Any CPU
		{70BC0796-C29F-4581-A6A7-3A302AF094EF}.Debug|Any CPU.ActiveCfg = Debug|Any CPU
		{70BC0796-C29F-4581-A6A7-3A302AF094EF}.Debug|Any CPU.Build.0 = Debug|Any CPU
		{70BC0796-C29F-4581-A6A7-3A302AF094EF}.Release|Any CPU.ActiveCfg = Release|Any CPU
		{70BC0796-C29F-4581-A6A7-3A302AF094EF}.Release|Any CPU.Build.0 = Release|Any CPU
		{DCE2A09A-E9C3-4F22-9589-8E32ED97406B}.Debug|Any CPU.ActiveCfg = Debug|Any CPU
		{DCE2A09A-E9C3-4F22-9589-8E32ED97406B}.Debug|Any CPU.Build.0 = Debug|Any CPU
		{DCE2A09A-E9C3-4F22-9589-8E32ED97406B}.Release|Any CPU.ActiveCfg = Release|Any CPU
		{DCE2A09A-E9C3-4F22-9589-8E32ED97406B}.Release|Any CPU.Build.0 = Release|Any CPU
		{EE43F01C-980F-46D5-8539-83D65F0D0CF9}.Debug|Any CPU.ActiveCfg = Debug|Any CPU
		{EE43F01C-980F-46D5-8539-83D65F0D0CF9}.Debug|Any CPU.Build.0 = Debug|Any CPU
		{EE43F01C-980F-46D5-8539-83D65F0D0CF9}.Release|Any CPU.ActiveCfg = Release|Any CPU
		{EE43F01C-980F-46D5-8539-83D65F0D0CF9}.Release|Any CPU.Build.0 = Release|Any CPU
		{9A3E4609-E6C2-4036-973C-DE9E30790BBA}.Debug|Any CPU.ActiveCfg = Debug|Any CPU
		{9A3E4609-E6C2-4036-973C-DE9E30790BBA}.Debug|Any CPU.Build.0 = Debug|Any CPU
		{9A3E4609-E6C2-4036-973C-DE9E30790BBA}.Release|Any CPU.ActiveCfg = Release|Any CPU
		{9A3E4609-E6C2-4036-973C-DE9E30790BBA}.Release|Any CPU.Build.0 = Release|Any CPU
		{C3276A15-72D7-4180-9C1C-CF989FE859C0}.Debug|Any CPU.ActiveCfg = Debug|Any CPU
		{C3276A15-72D7-4180-9C1C-CF989FE859C0}.Debug|Any CPU.Build.0 = Debug|Any CPU
		{C3276A15-72D7-4180-9C1C-CF989FE859C0}.Release|Any CPU.ActiveCfg = Release|Any CPU
		{C3276A15-72D7-4180-9C1C-CF989FE859C0}.Release|Any CPU.Build.0 = Release|Any CPU
		{142BF6C7-1ACD-4C87-816F-EB0438C48284}.Debug|Any CPU.ActiveCfg = Debug|Any CPU
		{142BF6C7-1ACD-4C87-816F-EB0438C48284}.Debug|Any CPU.Build.0 = Debug|Any CPU
		{142BF6C7-1ACD-4C87-816F-EB0438C48284}.Release|Any CPU.ActiveCfg = Release|Any CPU
		{142BF6C7-1ACD-4C87-816F-EB0438C48284}.Release|Any CPU.Build.0 = Release|Any CPU
		{7FB95296-A737-4F0B-9180-9E0C32D96BDD}.Debug|Any CPU.ActiveCfg = Debug|Any CPU
		{7FB95296-A737-4F0B-9180-9E0C32D96BDD}.Debug|Any CPU.Build.0 = Debug|Any CPU
		{7FB95296-A737-4F0B-9180-9E0C32D96BDD}.Release|Any CPU.ActiveCfg = Release|Any CPU
		{7FB95296-A737-4F0B-9180-9E0C32D96BDD}.Release|Any CPU.Build.0 = Release|Any CPU
		{729F782E-6A35-41C6-8EB4-15A923E31E84}.Debug|Any CPU.ActiveCfg = Debug|Any CPU
		{729F782E-6A35-41C6-8EB4-15A923E31E84}.Debug|Any CPU.Build.0 = Debug|Any CPU
		{729F782E-6A35-41C6-8EB4-15A923E31E84}.Release|Any CPU.ActiveCfg = Release|Any CPU
		{729F782E-6A35-41C6-8EB4-15A923E31E84}.Release|Any CPU.Build.0 = Release|Any CPU
		{4D4FADAD-DD45-468D-AFC5-54A7A7D1E39C}.Debug|Any CPU.ActiveCfg = Debug|Any CPU
		{4D4FADAD-DD45-468D-AFC5-54A7A7D1E39C}.Debug|Any CPU.Build.0 = Debug|Any CPU
		{4D4FADAD-DD45-468D-AFC5-54A7A7D1E39C}.Release|Any CPU.ActiveCfg = Release|Any CPU
		{4D4FADAD-DD45-468D-AFC5-54A7A7D1E39C}.Release|Any CPU.Build.0 = Release|Any CPU
		{3E5DCB7F-922D-4357-933E-D2944AABDF2B}.Debug|Any CPU.ActiveCfg = Debug|Any CPU
		{3E5DCB7F-922D-4357-933E-D2944AABDF2B}.Debug|Any CPU.Build.0 = Debug|Any CPU
		{3E5DCB7F-922D-4357-933E-D2944AABDF2B}.Release|Any CPU.ActiveCfg = Release|Any CPU
		{3E5DCB7F-922D-4357-933E-D2944AABDF2B}.Release|Any CPU.Build.0 = Release|Any CPU
		{ED61BF65-D936-4DFD-A039-8C71F0A9EAF5}.Debug|Any CPU.ActiveCfg = Debug|Any CPU
		{ED61BF65-D936-4DFD-A039-8C71F0A9EAF5}.Debug|Any CPU.Build.0 = Debug|Any CPU
		{ED61BF65-D936-4DFD-A039-8C71F0A9EAF5}.Release|Any CPU.ActiveCfg = Release|Any CPU
		{ED61BF65-D936-4DFD-A039-8C71F0A9EAF5}.Release|Any CPU.Build.0 = Release|Any CPU
		{934E04A7-CBD6-43EF-A19A-50E45DE79950}.Debug|Any CPU.ActiveCfg = Debug|Any CPU
		{934E04A7-CBD6-43EF-A19A-50E45DE79950}.Debug|Any CPU.Build.0 = Debug|Any CPU
		{934E04A7-CBD6-43EF-A19A-50E45DE79950}.Release|Any CPU.ActiveCfg = Release|Any CPU
		{934E04A7-CBD6-43EF-A19A-50E45DE79950}.Release|Any CPU.Build.0 = Release|Any CPU
		{E97CB0B4-0A24-4DE4-A8A4-3DDC3ABD8B1E}.Debug|Any CPU.ActiveCfg = Debug|Any CPU
		{E97CB0B4-0A24-4DE4-A8A4-3DDC3ABD8B1E}.Debug|Any CPU.Build.0 = Debug|Any CPU
		{E97CB0B4-0A24-4DE4-A8A4-3DDC3ABD8B1E}.Release|Any CPU.ActiveCfg = Release|Any CPU
		{E97CB0B4-0A24-4DE4-A8A4-3DDC3ABD8B1E}.Release|Any CPU.Build.0 = Release|Any CPU
		{4FE8AB37-FFA1-4C7B-B474-F68A3506ED39}.Debug|Any CPU.ActiveCfg = Debug|Any CPU
		{4FE8AB37-FFA1-4C7B-B474-F68A3506ED39}.Debug|Any CPU.Build.0 = Debug|Any CPU
		{4FE8AB37-FFA1-4C7B-B474-F68A3506ED39}.Release|Any CPU.ActiveCfg = Release|Any CPU
		{4FE8AB37-FFA1-4C7B-B474-F68A3506ED39}.Release|Any CPU.Build.0 = Release|Any CPU
		{327FC5C0-5C8E-40E6-8009-919E9A445282}.Debug|Any CPU.ActiveCfg = Debug|Any CPU
		{327FC5C0-5C8E-40E6-8009-919E9A445282}.Debug|Any CPU.Build.0 = Debug|Any CPU
		{327FC5C0-5C8E-40E6-8009-919E9A445282}.Release|Any CPU.ActiveCfg = Release|Any CPU
		{327FC5C0-5C8E-40E6-8009-919E9A445282}.Release|Any CPU.Build.0 = Release|Any CPU
		{2AF4B683-3DD8-4402-B1A8-257AAC9DC2A6}.Debug|Any CPU.ActiveCfg = Debug|Any CPU
		{2AF4B683-3DD8-4402-B1A8-257AAC9DC2A6}.Debug|Any CPU.Build.0 = Debug|Any CPU
		{2AF4B683-3DD8-4402-B1A8-257AAC9DC2A6}.Release|Any CPU.ActiveCfg = Release|Any CPU
		{2AF4B683-3DD8-4402-B1A8-257AAC9DC2A6}.Release|Any CPU.Build.0 = Release|Any CPU
		{7D148262-BD76-47EE-A8C7-F39FC47975DA}.Debug|Any CPU.ActiveCfg = Debug|Any CPU
		{7D148262-BD76-47EE-A8C7-F39FC47975DA}.Debug|Any CPU.Build.0 = Debug|Any CPU
		{7D148262-BD76-47EE-A8C7-F39FC47975DA}.Release|Any CPU.ActiveCfg = Release|Any CPU
		{7D148262-BD76-47EE-A8C7-F39FC47975DA}.Release|Any CPU.Build.0 = Release|Any CPU
		{7163A095-4C6F-4765-AC70-A1EDE057124E}.Debug|Any CPU.ActiveCfg = Debug|Any CPU
		{7163A095-4C6F-4765-AC70-A1EDE057124E}.Debug|Any CPU.Build.0 = Debug|Any CPU
		{7163A095-4C6F-4765-AC70-A1EDE057124E}.Release|Any CPU.ActiveCfg = Release|Any CPU
		{7163A095-4C6F-4765-AC70-A1EDE057124E}.Release|Any CPU.Build.0 = Release|Any CPU
		{0502F1FF-9C0D-47E6-B9C8-D7C53A77A6FA}.Debug|Any CPU.ActiveCfg = Debug|Any CPU
		{0502F1FF-9C0D-47E6-B9C8-D7C53A77A6FA}.Debug|Any CPU.Build.0 = Debug|Any CPU
		{0502F1FF-9C0D-47E6-B9C8-D7C53A77A6FA}.Release|Any CPU.ActiveCfg = Release|Any CPU
		{0502F1FF-9C0D-47E6-B9C8-D7C53A77A6FA}.Release|Any CPU.Build.0 = Release|Any CPU
		{F37BEC5E-0AC4-4997-A354-406EDD3B3BD7}.Debug|Any CPU.ActiveCfg = Debug|Any CPU
		{F37BEC5E-0AC4-4997-A354-406EDD3B3BD7}.Debug|Any CPU.Build.0 = Debug|Any CPU
		{F37BEC5E-0AC4-4997-A354-406EDD3B3BD7}.Release|Any CPU.ActiveCfg = Release|Any CPU
		{F37BEC5E-0AC4-4997-A354-406EDD3B3BD7}.Release|Any CPU.Build.0 = Release|Any CPU
		{765D3F27-45CC-42FC-BE2F-BE65F2084852}.Debug|Any CPU.ActiveCfg = Debug|Any CPU
		{765D3F27-45CC-42FC-BE2F-BE65F2084852}.Debug|Any CPU.Build.0 = Debug|Any CPU
		{765D3F27-45CC-42FC-BE2F-BE65F2084852}.Release|Any CPU.ActiveCfg = Release|Any CPU
		{765D3F27-45CC-42FC-BE2F-BE65F2084852}.Release|Any CPU.Build.0 = Release|Any CPU
		{453EFD37-9547-4288-97BA-7B447BDC054B}.Debug|Any CPU.ActiveCfg = Debug|Any CPU
		{453EFD37-9547-4288-97BA-7B447BDC054B}.Debug|Any CPU.Build.0 = Debug|Any CPU
		{453EFD37-9547-4288-97BA-7B447BDC054B}.Release|Any CPU.ActiveCfg = Release|Any CPU
		{453EFD37-9547-4288-97BA-7B447BDC054B}.Release|Any CPU.Build.0 = Release|Any CPU
		{69ECEA23-E698-4A5F-851C-1692705F4151}.Debug|Any CPU.ActiveCfg = Debug|Any CPU
		{69ECEA23-E698-4A5F-851C-1692705F4151}.Debug|Any CPU.Build.0 = Debug|Any CPU
		{69ECEA23-E698-4A5F-851C-1692705F4151}.Release|Any CPU.ActiveCfg = Release|Any CPU
		{69ECEA23-E698-4A5F-851C-1692705F4151}.Release|Any CPU.Build.0 = Release|Any CPU
	EndGlobalSection
	GlobalSection(SolutionProperties) = preSolution
		HideSolutionNode = FALSE
	EndGlobalSection
	GlobalSection(ExtensibilityGlobals) = postSolution
		SolutionGuid = {0F2E420C-EBB7-4658-A42E-892119C9AE26}
	EndGlobalSection
EndGlobal
