
Microsoft Visual Studio Solution File, Format Version 12.00
# Visual Studio Version 16
VisualStudioVersion = 16.0.30611.23
MinimumVisualStudioVersion = 10.0.40219.1
Project("{FAE04EC0-301F-11D3-BF4B-00C04F79EFBC}") = "00 014 SayHello", "00 014 SayHello\00 014 SayHello.csproj", "{793284FA-333A-4836-8096-314E5F91385F}"
EndProject
Project("{FAE04EC0-301F-11D3-BF4B-00C04F79EFBC}") = "01 031 TypeYourTitle", "01 031 TypeYourTitle\01 031 TypeYourTitle.csproj", "{1507BB93-6C9A-4F63-9F8F-8FDA6BD44ED7}"
EndProject
Project("{FAE04EC0-301F-11D3-BF4B-00C04F79EFBC}") = "03 066 FormatTheText", "03 066 FormatTheText\03 066 FormatTheText\03 066 FormatTheText.csproj", "{BFDBCE6F-FF52-4E0E-B008-B42CBA87550A}"
EndProject
Project("{FAE04EC0-301F-11D3-BF4B-00C04F79EFBC}") = "02 039 FlipThroughTheBrushes", "02 039 FlipThroughTheBrushes\02 039 FlipThroughTheBrushes\02 039 FlipThroughTheBrushes.csproj", "{AC640A7E-027A-4CD7-82D1-6E5544417055}"
EndProject
Project("{FAE04EC0-301F-11D3-BF4B-00C04F79EFBC}") = "02 042 GradiateTheBrush", "02 042 GradiateTheBrush\02 042 GradiateTheBrush.csproj", "{B23A4911-8B46-448C-86A2-142BEE389095}"
EndProject
Project("{FAE04EC0-301F-11D3-BF4B-00C04F79EFBC}") = "04 073 ClickTheButton", "04 073 ClickTheButton\04 073 ClickTheButton.csproj", "{870597B8-978C-429D-BE93-343374F49DCD}"
EndProject
Project("{FAE04EC0-301F-11D3-BF4B-00C04F79EFBC}") = "02 052 RotateTheGradientOrigin", "02 052 RotateTheGradientOrigin\02 052 RotateTheGradientOrigin.csproj", "{DA0B9C59-62C5-4C41-9587-4FB8A127B70D}"
EndProject
Project("{FAE04EC0-301F-11D3-BF4B-00C04F79EFBC}") = "01 022 ThrowWinPatry", "01 022 ThrowWinPatry\01 022 ThrowWinPatry.csproj", "{AB6D60C4-0078-40CC-BFC7-EC2157130B7F}"
EndProject
Project("{FAE04EC0-301F-11D3-BF4B-00C04F79EFBC}") = "03 071 RenderTheGraphic", "03 071 RenderTheGraphic\03 071 RenderTheGraphic.csproj", "{BD019FB5-D774-463C-8EA9-BFD737640347}"
EndProject
Project("{FAE04EC0-301F-11D3-BF4B-00C04F79EFBC}") = "01 025 InheritTheApp", "01 025 InheritTheApp\01 025 InheritTheApp.csproj", "{30C44B16-B5DE-4A36-A3FA-AEC79118AAEE}"
EndProject
Project("{FAE04EC0-301F-11D3-BF4B-00C04F79EFBC}") = "04 085 BindTheButton", "04 085 BindTheButton\04 085 BindTheButton.csproj", "{90132774-2BB8-40A1-B7E1-2FA53829872F}"
EndProject
Project("{FAE04EC0-301F-11D3-BF4B-00C04F79EFBC}") = "01 020 InheritTheApp", "01 020 InheritTheApp\01 020 InheritTheApp.csproj", "{1F04A2EC-ADF7-4CEB-B03A-2C6921136C8A}"
EndProject
Project("{FAE04EC0-301F-11D3-BF4B-00C04F79EFBC}") = "02 046 AdjustTheGradient", "02 046 AdjustTheGradient\02 046 AdjustTheGradient.csproj", "{D81C0D55-8BE4-4C97-9BFD-D01E50F92E55}"
EndProject
Project("{FAE04EC0-301F-11D3-BF4B-00C04F79EFBC}") = "04 0smth ImageTheButton", "04 0smth ImageTheButton\04 0smth ImageTheButton.csproj", "{9C698B21-F074-4E5A-807E-25B1DF43C6EE}"
Project("{FAE04EC0-301F-11D3-BF4B-00C04F79EFBC}") = "06 061 ShowMyFace", "06 061 ShowMyFace\06 061 ShowMyFace.csproj", "{BEB5801A-BE19-484F-A00B-418E4958FF36}"
EndProject
Global
	GlobalSection(SolutionConfigurationPlatforms) = preSolution
		Debug|Any CPU = Debug|Any CPU
		Release|Any CPU = Release|Any CPU
	EndGlobalSection
	GlobalSection(ProjectConfigurationPlatforms) = postSolution
		{793284FA-333A-4836-8096-314E5F91385F}.Debug|Any CPU.ActiveCfg = Debug|Any CPU
		{793284FA-333A-4836-8096-314E5F91385F}.Debug|Any CPU.Build.0 = Debug|Any CPU
		{793284FA-333A-4836-8096-314E5F91385F}.Release|Any CPU.ActiveCfg = Release|Any CPU
		{793284FA-333A-4836-8096-314E5F91385F}.Release|Any CPU.Build.0 = Release|Any CPU
		{1507BB93-6C9A-4F63-9F8F-8FDA6BD44ED7}.Debug|Any CPU.ActiveCfg = Debug|Any CPU
		{1507BB93-6C9A-4F63-9F8F-8FDA6BD44ED7}.Debug|Any CPU.Build.0 = Debug|Any CPU
		{1507BB93-6C9A-4F63-9F8F-8FDA6BD44ED7}.Release|Any CPU.ActiveCfg = Release|Any CPU
		{1507BB93-6C9A-4F63-9F8F-8FDA6BD44ED7}.Release|Any CPU.Build.0 = Release|Any CPU
		{BFDBCE6F-FF52-4E0E-B008-B42CBA87550A}.Debug|Any CPU.ActiveCfg = Debug|Any CPU
		{BFDBCE6F-FF52-4E0E-B008-B42CBA87550A}.Debug|Any CPU.Build.0 = Debug|Any CPU
		{BFDBCE6F-FF52-4E0E-B008-B42CBA87550A}.Release|Any CPU.ActiveCfg = Release|Any CPU
		{BFDBCE6F-FF52-4E0E-B008-B42CBA87550A}.Release|Any CPU.Build.0 = Release|Any CPU
		{AC640A7E-027A-4CD7-82D1-6E5544417055}.Debug|Any CPU.ActiveCfg = Debug|Any CPU
		{AC640A7E-027A-4CD7-82D1-6E5544417055}.Debug|Any CPU.Build.0 = Debug|Any CPU
		{AC640A7E-027A-4CD7-82D1-6E5544417055}.Release|Any CPU.ActiveCfg = Release|Any CPU
		{AC640A7E-027A-4CD7-82D1-6E5544417055}.Release|Any CPU.Build.0 = Release|Any CPU
		{B23A4911-8B46-448C-86A2-142BEE389095}.Debug|Any CPU.ActiveCfg = Debug|Any CPU
		{B23A4911-8B46-448C-86A2-142BEE389095}.Debug|Any CPU.Build.0 = Debug|Any CPU
		{B23A4911-8B46-448C-86A2-142BEE389095}.Release|Any CPU.ActiveCfg = Release|Any CPU
		{B23A4911-8B46-448C-86A2-142BEE389095}.Release|Any CPU.Build.0 = Release|Any CPU
		{870597B8-978C-429D-BE93-343374F49DCD}.Debug|Any CPU.ActiveCfg = Debug|Any CPU
		{870597B8-978C-429D-BE93-343374F49DCD}.Debug|Any CPU.Build.0 = Debug|Any CPU
		{870597B8-978C-429D-BE93-343374F49DCD}.Release|Any CPU.ActiveCfg = Release|Any CPU
		{870597B8-978C-429D-BE93-343374F49DCD}.Release|Any CPU.Build.0 = Release|Any CPU
		{DA0B9C59-62C5-4C41-9587-4FB8A127B70D}.Debug|Any CPU.ActiveCfg = Debug|Any CPU
		{DA0B9C59-62C5-4C41-9587-4FB8A127B70D}.Debug|Any CPU.Build.0 = Debug|Any CPU
		{DA0B9C59-62C5-4C41-9587-4FB8A127B70D}.Release|Any CPU.ActiveCfg = Release|Any CPU
		{DA0B9C59-62C5-4C41-9587-4FB8A127B70D}.Release|Any CPU.Build.0 = Release|Any CPU
		{AB6D60C4-0078-40CC-BFC7-EC2157130B7F}.Debug|Any CPU.ActiveCfg = Debug|Any CPU
		{AB6D60C4-0078-40CC-BFC7-EC2157130B7F}.Debug|Any CPU.Build.0 = Debug|Any CPU
		{AB6D60C4-0078-40CC-BFC7-EC2157130B7F}.Release|Any CPU.ActiveCfg = Release|Any CPU
		{AB6D60C4-0078-40CC-BFC7-EC2157130B7F}.Release|Any CPU.Build.0 = Release|Any CPU
		{BD019FB5-D774-463C-8EA9-BFD737640347}.Debug|Any CPU.ActiveCfg = Debug|Any CPU
		{BD019FB5-D774-463C-8EA9-BFD737640347}.Debug|Any CPU.Build.0 = Debug|Any CPU
		{BD019FB5-D774-463C-8EA9-BFD737640347}.Release|Any CPU.ActiveCfg = Release|Any CPU
		{BD019FB5-D774-463C-8EA9-BFD737640347}.Release|Any CPU.Build.0 = Release|Any CPU
		{30C44B16-B5DE-4A36-A3FA-AEC79118AAEE}.Debug|Any CPU.ActiveCfg = Debug|Any CPU
		{30C44B16-B5DE-4A36-A3FA-AEC79118AAEE}.Debug|Any CPU.Build.0 = Debug|Any CPU
		{30C44B16-B5DE-4A36-A3FA-AEC79118AAEE}.Release|Any CPU.ActiveCfg = Release|Any CPU
		{30C44B16-B5DE-4A36-A3FA-AEC79118AAEE}.Release|Any CPU.Build.0 = Release|Any CPU
		{90132774-2BB8-40A1-B7E1-2FA53829872F}.Debug|Any CPU.ActiveCfg = Debug|Any CPU
		{90132774-2BB8-40A1-B7E1-2FA53829872F}.Debug|Any CPU.Build.0 = Debug|Any CPU
		{90132774-2BB8-40A1-B7E1-2FA53829872F}.Release|Any CPU.ActiveCfg = Release|Any CPU
		{90132774-2BB8-40A1-B7E1-2FA53829872F}.Release|Any CPU.Build.0 = Release|Any CPU
		{1F04A2EC-ADF7-4CEB-B03A-2C6921136C8A}.Debug|Any CPU.ActiveCfg = Debug|Any CPU
		{1F04A2EC-ADF7-4CEB-B03A-2C6921136C8A}.Debug|Any CPU.Build.0 = Debug|Any CPU
		{1F04A2EC-ADF7-4CEB-B03A-2C6921136C8A}.Release|Any CPU.ActiveCfg = Release|Any CPU
		{1F04A2EC-ADF7-4CEB-B03A-2C6921136C8A}.Release|Any CPU.Build.0 = Release|Any CPU
		{D81C0D55-8BE4-4C97-9BFD-D01E50F92E55}.Debug|Any CPU.ActiveCfg = Debug|Any CPU
		{D81C0D55-8BE4-4C97-9BFD-D01E50F92E55}.Debug|Any CPU.Build.0 = Debug|Any CPU
		{D81C0D55-8BE4-4C97-9BFD-D01E50F92E55}.Release|Any CPU.ActiveCfg = Release|Any CPU
		{D81C0D55-8BE4-4C97-9BFD-D01E50F92E55}.Release|Any CPU.Build.0 = Release|Any CPU
		{9C698B21-F074-4E5A-807E-25B1DF43C6EE}.Debug|Any CPU.ActiveCfg = Debug|Any CPU
		{9C698B21-F074-4E5A-807E-25B1DF43C6EE}.Debug|Any CPU.Build.0 = Debug|Any CPU
		{9C698B21-F074-4E5A-807E-25B1DF43C6EE}.Release|Any CPU.ActiveCfg = Release|Any CPU
		{9C698B21-F074-4E5A-807E-25B1DF43C6EE}.Release|Any CPU.Build.0 = Release|Any CPU
		{BEB5801A-BE19-484F-A00B-418E4958FF36}.Debug|Any CPU.ActiveCfg = Debug|Any CPU
		{BEB5801A-BE19-484F-A00B-418E4958FF36}.Debug|Any CPU.Build.0 = Debug|Any CPU
		{BEB5801A-BE19-484F-A00B-418E4958FF36}.Release|Any CPU.ActiveCfg = Release|Any CPU
		{BEB5801A-BE19-484F-A00B-418E4958FF36}.Release|Any CPU.Build.0 = Release|Any CPU
	EndGlobalSection
	GlobalSection(SolutionProperties) = preSolution
		HideSolutionNode = FALSE
	EndGlobalSection
	GlobalSection(ExtensibilityGlobals) = postSolution
		SolutionGuid = {1ACAF6A4-6533-4279-85AD-0C1B2BF65C3D}
	EndGlobalSection
EndGlobal
