
Microsoft Visual Studio Solution File, Format Version 12.00
# Visual Studio Version 16
VisualStudioVersion = 16.0.30503.244
MinimumVisualStudioVersion = 10.0.40219.1
Project("{FAE04EC0-301F-11D3-BF4B-00C04F79EFBC}") = "23 627 BindLabelToScrollBar", "23 627 BindLabelToScrollBar\23 627 BindLabelToScrollBar.csproj", "{4D4FADAD-DD45-468D-AFC5-54A7A7D1E39C}"
EndProject
Global
	GlobalSection(SolutionConfigurationPlatforms) = preSolution
		Debug|Any CPU = Debug|Any CPU
		Release|Any CPU = Release|Any CPU
	EndGlobalSection
	GlobalSection(ProjectConfigurationPlatforms) = postSolution
		{4D4FADAD-DD45-468D-AFC5-54A7A7D1E39C}.Debug|Any CPU.ActiveCfg = Debug|Any CPU
		{4D4FADAD-DD45-468D-AFC5-54A7A7D1E39C}.Debug|Any CPU.Build.0 = Debug|Any CPU
		{4D4FADAD-DD45-468D-AFC5-54A7A7D1E39C}.Release|Any CPU.ActiveCfg = Release|Any CPU
		{4D4FADAD-DD45-468D-AFC5-54A7A7D1E39C}.Release|Any CPU.Build.0 = Release|Any CPU
	EndGlobalSection
	GlobalSection(SolutionProperties) = preSolution
		HideSolutionNode = FALSE
	EndGlobalSection
	GlobalSection(ExtensibilityGlobals) = postSolution
		SolutionGuid = {C16B9FAB-2F54-4311-9AF9-7A82E6D7CDF1}
	EndGlobalSection
EndGlobal
